
Microsoft Visual Studio Solution File, Format Version 12.00
# Visual Studio Version 17
VisualStudioVersion = 17.10.35013.160
MinimumVisualStudioVersion = 10.0.40219.1
Project("{FAE04EC0-301F-11D3-BF4B-00C04F79EFBC}") = "14_Quisbert_CalificacionesEstudiantiles", "14_Quisbert_CalificacionesEstudiantiles.csproj", "{4BA61961-96BF-4F74-AC01-B2C9A8D49A00}"
EndProject
Global
	GlobalSection(SolutionConfigurationPlatforms) = preSolution
		Debug|Any CPU = Debug|Any CPU
		Release|Any CPU = Release|Any CPU
	EndGlobalSection
	GlobalSection(ProjectConfigurationPlatforms) = postSolution
		{4BA61961-96BF-4F74-AC01-B2C9A8D49A00}.Debug|Any CPU.ActiveCfg = Debug|Any CPU
		{4BA61961-96BF-4F74-AC01-B2C9A8D49A00}.Debug|Any CPU.Build.0 = Debug|Any CPU
		{4BA61961-96BF-4F74-AC01-B2C9A8D49A00}.Release|Any CPU.ActiveCfg = Release|Any CPU
		{4BA61961-96BF-4F74-AC01-B2C9A8D49A00}.Release|Any CPU.Build.0 = Release|Any CPU
	EndGlobalSection
	GlobalSection(SolutionProperties) = preSolution
		HideSolutionNode = FALSE
	EndGlobalSection
	GlobalSection(ExtensibilityGlobals) = postSolution
		SolutionGuid = {EA3CF01C-8797-425C-BE55-32C37D4BC981}
	EndGlobalSection
EndGlobal
