
Microsoft Visual Studio Solution File, Format Version 12.00
# Visual Studio 14
VisualStudioVersion = 14.0.25420.1
MinimumVisualStudioVersion = 10.0.40219.1
Project("{FAE04EC0-301F-11D3-BF4B-00C04F79EFBC}") = "3_Quisbert_DimensionesEsfera", "3_Quisbert_DimensionesEsfera\3_Quisbert_DimensionesEsfera.csproj", "{6E534E7C-59FC-4143-A55E-6B463F5B9FDE}"
EndProject
Global
	GlobalSection(SolutionConfigurationPlatforms) = preSolution
		Debug|Any CPU = Debug|Any CPU
		Release|Any CPU = Release|Any CPU
	EndGlobalSection
	GlobalSection(ProjectConfigurationPlatforms) = postSolution
		{6E534E7C-59FC-4143-A55E-6B463F5B9FDE}.Debug|Any CPU.ActiveCfg = Debug|Any CPU
		{6E534E7C-59FC-4143-A55E-6B463F5B9FDE}.Debug|Any CPU.Build.0 = Debug|Any CPU
		{6E534E7C-59FC-4143-A55E-6B463F5B9FDE}.Release|Any CPU.ActiveCfg = Release|Any CPU
		{6E534E7C-59FC-4143-A55E-6B463F5B9FDE}.Release|Any CPU.Build.0 = Release|Any CPU
	EndGlobalSection
	GlobalSection(SolutionProperties) = preSolution
		HideSolutionNode = FALSE
	EndGlobalSection
EndGlobal
