
Microsoft Visual Studio Solution File, Format Version 12.00
# Visual Studio Version 17
VisualStudioVersion = 17.10.35013.160
MinimumVisualStudioVersion = 10.0.40219.1
Project("{FAE04EC0-301F-11D3-BF4B-00C04F79EFBC}") = "1_Quisbert_SistemaDeConversiones", "1_Quisbert_SistemaDeConversiones.csproj", "{3D816247-2CDF-4CC2-965A-A5B28D7BE0DE}"
EndProject
Global
	GlobalSection(SolutionConfigurationPlatforms) = preSolution
		Debug|Any CPU = Debug|Any CPU
		Release|Any CPU = Release|Any CPU
	EndGlobalSection
	GlobalSection(ProjectConfigurationPlatforms) = postSolution
		{3D816247-2CDF-4CC2-965A-A5B28D7BE0DE}.Debug|Any CPU.ActiveCfg = Debug|Any CPU
		{3D816247-2CDF-4CC2-965A-A5B28D7BE0DE}.Debug|Any CPU.Build.0 = Debug|Any CPU
		{3D816247-2CDF-4CC2-965A-A5B28D7BE0DE}.Release|Any CPU.ActiveCfg = Release|Any CPU
		{3D816247-2CDF-4CC2-965A-A5B28D7BE0DE}.Release|Any CPU.Build.0 = Release|Any CPU
	EndGlobalSection
	GlobalSection(SolutionProperties) = preSolution
		HideSolutionNode = FALSE
	EndGlobalSection
	GlobalSection(ExtensibilityGlobals) = postSolution
		SolutionGuid = {7937BC98-17B4-462A-BC60-EFAE18DEA44F}
	EndGlobalSection
EndGlobal
