
Microsoft Visual Studio Solution File, Format Version 12.00
# Visual Studio Version 17
VisualStudioVersion = 17.10.35013.160
MinimumVisualStudioVersion = 10.0.40219.1
Project("{FAE04EC0-301F-11D3-BF4B-00C04F79EFBC}") = "13_Quisbert_ObtenerDiagonalPrincipal", "13_Quisbert_ObtenerDiagonalPrincipal.csproj", "{FAECCDCD-84E6-4410-B557-A3E232007632}"
EndProject
Global
	GlobalSection(SolutionConfigurationPlatforms) = preSolution
		Debug|Any CPU = Debug|Any CPU
		Release|Any CPU = Release|Any CPU
	EndGlobalSection
	GlobalSection(ProjectConfigurationPlatforms) = postSolution
		{FAECCDCD-84E6-4410-B557-A3E232007632}.Debug|Any CPU.ActiveCfg = Debug|Any CPU
		{FAECCDCD-84E6-4410-B557-A3E232007632}.Debug|Any CPU.Build.0 = Debug|Any CPU
		{FAECCDCD-84E6-4410-B557-A3E232007632}.Release|Any CPU.ActiveCfg = Release|Any CPU
		{FAECCDCD-84E6-4410-B557-A3E232007632}.Release|Any CPU.Build.0 = Release|Any CPU
	EndGlobalSection
	GlobalSection(SolutionProperties) = preSolution
		HideSolutionNode = FALSE
	EndGlobalSection
	GlobalSection(ExtensibilityGlobals) = postSolution
		SolutionGuid = {8458F1D6-6025-46DA-8DFB-8475893E6DCE}
	EndGlobalSection
EndGlobal
